
Microsoft Visual Studio Solution File, Format Version 12.00
# Visual Studio Version 17
VisualStudioVersion = 17.14.36603.0
MinimumVisualStudioVersion = 10.0.40219.1
Project("{FAE04EC0-301F-11D3-BF4B-00C04F79EFBC}") = "MiKompri.ShoppingList.Api", "MiKompri.ShoppingList.Api\MiKompri.ShoppingList.Api.csproj", "{ADC0F9E1-2218-4BBB-A54C-AC16CDADFD12}"
EndProject
Project("{FAE04EC0-301F-11D3-BF4B-00C04F79EFBC}") = "MiKompri.ShoppingList.Domain", "MiKompri.ShoppingList.Domain\MiKompri.ShoppingList.Domain.csproj", "{E11499E3-615D-4E63-9EED-5E20DF308971}"
EndProject
Project("{FAE04EC0-301F-11D3-BF4B-00C04F79EFBC}") = "MiKompri.ShoppingList.Infrastructure", "MiKompri.ShoppingList.Infrastructure\MiKompri.ShoppingList.Infrastructure.csproj", "{BCB3DA4B-BCF1-47E8-8091-E027D0930D8E}"
EndProject
Project("{FAE04EC0-301F-11D3-BF4B-00C04F79EFBC}") = "MiKompri.ShoppingList.Application", "MiKompri.ShoppingList.Application\MiKompri.ShoppingList.Application.csproj", "{5F96BB33-F466-422D-8104-B060A48DFF3F}"
EndProject
Project("{E53339B2-1760-4266-BCC7-CA923CBCF16C}") = "docker-compose", "docker-compose.dcproj", "{81DDED9D-158B-E303-5F62-77A2896D2A5A}"
EndProject
Project("{FAE04EC0-301F-11D3-BF4B-00C04F79EFBC}") = "MiKompri.ShoppingList.Domain.Tests", "test\MiKompri.ShoppingList.Domain.Tests\MiKompri.ShoppingList.Domain.Tests.csproj", "{5FC18769-5134-45B7-8AE0-2CE7CD7D4F24}"
EndProject
Project("{FAE04EC0-301F-11D3-BF4B-00C04F79EFBC}") = "MiKompri.ShoppingList.Application.Tests", "test\MiKompri.ShoppingList.Application.Tests\MiKompri.ShoppingList.Application.Tests.csproj", "{9918BB2B-32B9-458B-AABD-DB0156A4DBC2}"
EndProject
Project("{FAE04EC0-301F-11D3-BF4B-00C04F79EFBC}") = "MiKompri.ShoppingList.Api.Tests", "test\MiKompri.ShoppingList.Api.Tests\MiKompri.ShoppingList.Api.Tests.csproj", "{26DFFE9B-7CA3-4965-8866-98838E8335D0}"
EndProject
Project("{FAE04EC0-301F-11D3-BF4B-00C04F79EFBC}") = "MiKompri.Users.Domain", "MiKompri.Users.Domain\MiKompri.Users.Domain.csproj", "{371444CD-C3D7-40F7-B45B-2EB283FC6A10}"
EndProject
Project("{FAE04EC0-301F-11D3-BF4B-00C04F79EFBC}") = "MiKompri.Users.Application", "MiKompri.Users.Application\MiKompri.Users.Application.csproj", "{A8302306-AFE8-4983-84E1-3EE162426695}"
EndProject
Project("{FAE04EC0-301F-11D3-BF4B-00C04F79EFBC}") = "MiKompri.Users.Infrastructure", "MiKompri.Users.Infrastructure\MiKompri.Users.Infrastructure.csproj", "{996EA839-C614-49A2-963E-2C2692DAEB62}"
EndProject
Project("{FAE04EC0-301F-11D3-BF4B-00C04F79EFBC}") = "MiKompri.Users.Api", "MiKompri.Users.Api\MiKompri.Users.Api.csproj", "{A8470881-A136-40D9-8B4A-FB79561D342A}"
EndProject
Global
	GlobalSection(SolutionConfigurationPlatforms) = preSolution
		Debug|Any CPU = Debug|Any CPU
		Release|Any CPU = Release|Any CPU
	EndGlobalSection
	GlobalSection(ProjectConfigurationPlatforms) = postSolution
		{ADC0F9E1-2218-4BBB-A54C-AC16CDADFD12}.Debug|Any CPU.ActiveCfg = Debug|Any CPU
		{ADC0F9E1-2218-4BBB-A54C-AC16CDADFD12}.Debug|Any CPU.Build.0 = Debug|Any CPU
		{ADC0F9E1-2218-4BBB-A54C-AC16CDADFD12}.Release|Any CPU.ActiveCfg = Release|Any CPU
		{ADC0F9E1-2218-4BBB-A54C-AC16CDADFD12}.Release|Any CPU.Build.0 = Release|Any CPU
		{E11499E3-615D-4E63-9EED-5E20DF308971}.Debug|Any CPU.ActiveCfg = Debug|Any CPU
		{E11499E3-615D-4E63-9EED-5E20DF308971}.Debug|Any CPU.Build.0 = Debug|Any CPU
		{E11499E3-615D-4E63-9EED-5E20DF308971}.Release|Any CPU.ActiveCfg = Release|Any CPU
		{E11499E3-615D-4E63-9EED-5E20DF308971}.Release|Any CPU.Build.0 = Release|Any CPU
		{BCB3DA4B-BCF1-47E8-8091-E027D0930D8E}.Debug|Any CPU.ActiveCfg = Debug|Any CPU
		{BCB3DA4B-BCF1-47E8-8091-E027D0930D8E}.Debug|Any CPU.Build.0 = Debug|Any CPU
		{BCB3DA4B-BCF1-47E8-8091-E027D0930D8E}.Release|Any CPU.ActiveCfg = Release|Any CPU
		{BCB3DA4B-BCF1-47E8-8091-E027D0930D8E}.Release|Any CPU.Build.0 = Release|Any CPU
		{5F96BB33-F466-422D-8104-B060A48DFF3F}.Debug|Any CPU.ActiveCfg = Debug|Any CPU
		{5F96BB33-F466-422D-8104-B060A48DFF3F}.Debug|Any CPU.Build.0 = Debug|Any CPU
		{5F96BB33-F466-422D-8104-B060A48DFF3F}.Release|Any CPU.ActiveCfg = Release|Any CPU
		{5F96BB33-F466-422D-8104-B060A48DFF3F}.Release|Any CPU.Build.0 = Release|Any CPU
		{81DDED9D-158B-E303-5F62-77A2896D2A5A}.Debug|Any CPU.ActiveCfg = Debug|Any CPU
		{81DDED9D-158B-E303-5F62-77A2896D2A5A}.Debug|Any CPU.Build.0 = Debug|Any CPU
		{81DDED9D-158B-E303-5F62-77A2896D2A5A}.Release|Any CPU.ActiveCfg = Release|Any CPU
		{81DDED9D-158B-E303-5F62-77A2896D2A5A}.Release|Any CPU.Build.0 = Release|Any CPU
		{5FC18769-5134-45B7-8AE0-2CE7CD7D4F24}.Debug|Any CPU.ActiveCfg = Debug|Any CPU
		{5FC18769-5134-45B7-8AE0-2CE7CD7D4F24}.Debug|Any CPU.Build.0 = Debug|Any CPU
		{5FC18769-5134-45B7-8AE0-2CE7CD7D4F24}.Release|Any CPU.ActiveCfg = Release|Any CPU
		{5FC18769-5134-45B7-8AE0-2CE7CD7D4F24}.Release|Any CPU.Build.0 = Release|Any CPU
		{9918BB2B-32B9-458B-AABD-DB0156A4DBC2}.Debug|Any CPU.ActiveCfg = Debug|Any CPU
		{9918BB2B-32B9-458B-AABD-DB0156A4DBC2}.Debug|Any CPU.Build.0 = Debug|Any CPU
		{9918BB2B-32B9-458B-AABD-DB0156A4DBC2}.Release|Any CPU.ActiveCfg = Release|Any CPU
		{9918BB2B-32B9-458B-AABD-DB0156A4DBC2}.Release|Any CPU.Build.0 = Release|Any CPU
		{26DFFE9B-7CA3-4965-8866-98838E8335D0}.Debug|Any CPU.ActiveCfg = Debug|Any CPU
		{26DFFE9B-7CA3-4965-8866-98838E8335D0}.Debug|Any CPU.Build.0 = Debug|Any CPU
		{26DFFE9B-7CA3-4965-8866-98838E8335D0}.Release|Any CPU.ActiveCfg = Release|Any CPU
		{26DFFE9B-7CA3-4965-8866-98838E8335D0}.Release|Any CPU.Build.0 = Release|Any CPU
		{371444CD-C3D7-40F7-B45B-2EB283FC6A10}.Debug|Any CPU.ActiveCfg = Debug|Any CPU
		{371444CD-C3D7-40F7-B45B-2EB283FC6A10}.Debug|Any CPU.Build.0 = Debug|Any CPU
		{371444CD-C3D7-40F7-B45B-2EB283FC6A10}.Release|Any CPU.ActiveCfg = Release|Any CPU
		{371444CD-C3D7-40F7-B45B-2EB283FC6A10}.Release|Any CPU.Build.0 = Release|Any CPU
		{A8302306-AFE8-4983-84E1-3EE162426695}.Debug|Any CPU.ActiveCfg = Debug|Any CPU
		{A8302306-AFE8-4983-84E1-3EE162426695}.Debug|Any CPU.Build.0 = Debug|Any CPU
		{A8302306-AFE8-4983-84E1-3EE162426695}.Release|Any CPU.ActiveCfg = Release|Any CPU
		{A8302306-AFE8-4983-84E1-3EE162426695}.Release|Any CPU.Build.0 = Release|Any CPU
		{996EA839-C614-49A2-963E-2C2692DAEB62}.Debug|Any CPU.ActiveCfg = Debug|Any CPU
		{996EA839-C614-49A2-963E-2C2692DAEB62}.Debug|Any CPU.Build.0 = Debug|Any CPU
		{996EA839-C614-49A2-963E-2C2692DAEB62}.Release|Any CPU.ActiveCfg = Release|Any CPU
		{996EA839-C614-49A2-963E-2C2692DAEB62}.Release|Any CPU.Build.0 = Release|Any CPU
		{A8470881-A136-40D9-8B4A-FB79561D342A}.Debug|Any CPU.ActiveCfg = Debug|Any CPU
		{A8470881-A136-40D9-8B4A-FB79561D342A}.Debug|Any CPU.Build.0 = Debug|Any CPU
		{A8470881-A136-40D9-8B4A-FB79561D342A}.Release|Any CPU.ActiveCfg = Release|Any CPU
		{A8470881-A136-40D9-8B4A-FB79561D342A}.Release|Any CPU.Build.0 = Release|Any CPU
	EndGlobalSection
	GlobalSection(SolutionProperties) = preSolution
		HideSolutionNode = FALSE
	EndGlobalSection
	GlobalSection(ExtensibilityGlobals) = postSolution
		SolutionGuid = {95513296-9D99-4B09-84BB-D45F2B497A8E}
	EndGlobalSection
EndGlobal
